
Microsoft Visual Studio Solution File, Format Version 12.00
# Visual Studio 2013
VisualStudioVersion = 12.0.40629.0
MinimumVisualStudioVersion = 10.0.40219.1
Project("{FAE04EC0-301F-11D3-BF4B-00C04F79EFBC}") = "SkillSetAzure", "SkillSetAzure\SkillSetAzure.csproj", "{C17F6B8B-86EE-4010-A3F1-661E13AE691A}"
EndProject
Project("{FAE04EC0-301F-11D3-BF4B-00C04F79EFBC}") = "SkillSetAzure.Tests", "SkillSetAzure.Tests\SkillSetAzure.Tests.csproj", "{EC51BC50-67D5-4E0A-95BD-340816C1847E}"
EndProject
Global
	GlobalSection(SolutionConfigurationPlatforms) = preSolution
		Debug|Any CPU = Debug|Any CPU
		Release|Any CPU = Release|Any CPU
	EndGlobalSection
	GlobalSection(ProjectConfigurationPlatforms) = postSolution
		{C17F6B8B-86EE-4010-A3F1-661E13AE691A}.Debug|Any CPU.ActiveCfg = Debug|Any CPU
		{C17F6B8B-86EE-4010-A3F1-661E13AE691A}.Debug|Any CPU.Build.0 = Debug|Any CPU
		{C17F6B8B-86EE-4010-A3F1-661E13AE691A}.Release|Any CPU.ActiveCfg = Release|Any CPU
		{C17F6B8B-86EE-4010-A3F1-661E13AE691A}.Release|Any CPU.Build.0 = Release|Any CPU
		{EC51BC50-67D5-4E0A-95BD-340816C1847E}.Debug|Any CPU.ActiveCfg = Debug|Any CPU
		{EC51BC50-67D5-4E0A-95BD-340816C1847E}.Debug|Any CPU.Build.0 = Debug|Any CPU
		{EC51BC50-67D5-4E0A-95BD-340816C1847E}.Release|Any CPU.ActiveCfg = Release|Any CPU
		{EC51BC50-67D5-4E0A-95BD-340816C1847E}.Release|Any CPU.Build.0 = Release|Any CPU
	EndGlobalSection
	GlobalSection(SolutionProperties) = preSolution
		HideSolutionNode = FALSE
	EndGlobalSection
EndGlobal
